
Microsoft Visual Studio Solution File, Format Version 12.00
# Visual Studio Version 16
VisualStudioVersion = 16.0.32106.194
MinimumVisualStudioVersion = 10.0.40219.1
Project("{FAE04EC0-301F-11D3-BF4B-00C04F79EFBC}") = "Prova_UCDB", "Prova_UCDB\Prova_UCDB.csproj", "{35DF38EE-FA02-473B-948C-FFC38ABF037B}"
EndProject
Global
	GlobalSection(SolutionConfigurationPlatforms) = preSolution
		Debug|Any CPU = Debug|Any CPU
		Release|Any CPU = Release|Any CPU
	EndGlobalSection
	GlobalSection(ProjectConfigurationPlatforms) = postSolution
		{35DF38EE-FA02-473B-948C-FFC38ABF037B}.Debug|Any CPU.ActiveCfg = Debug|Any CPU
		{35DF38EE-FA02-473B-948C-FFC38ABF037B}.Debug|Any CPU.Build.0 = Debug|Any CPU
		{35DF38EE-FA02-473B-948C-FFC38ABF037B}.Release|Any CPU.ActiveCfg = Release|Any CPU
		{35DF38EE-FA02-473B-948C-FFC38ABF037B}.Release|Any CPU.Build.0 = Release|Any CPU
	EndGlobalSection
	GlobalSection(SolutionProperties) = preSolution
		HideSolutionNode = FALSE
	EndGlobalSection
	GlobalSection(ExtensibilityGlobals) = postSolution
		SolutionGuid = {B30F5099-7A45-4250-B2AE-216DAC06A988}
	EndGlobalSection
EndGlobal
